// !$*UTF8*$!
{
	archiveVersion = 1;
	classes = {
	};
	objectVersion = 46;
	objects = {

/* Begin PBXBuildFile section */
		830EFA521E4679E7004474A2 /* AppDelegate.swift in Sources */ = {isa = PBXBuildFile; fileRef = 830EFA511E4679E7004474A2 /* AppDelegate.swift */; };
		830EFA571E4679E7004474A2 /* Main.storyboard in Resources */ = {isa = PBXBuildFile; fileRef = 830EFA551E4679E7004474A2 /* Main.storyboard */; };
		830EFA591E4679E7004474A2 /* Assets.xcassets in Resources */ = {isa = PBXBuildFile; fileRef = 830EFA581E4679E7004474A2 /* Assets.xcassets */; };
		830EFA5C1E4679E7004474A2 /* LaunchScreen.storyboard in Resources */ = {isa = PBXBuildFile; fileRef = 830EFA5A1E4679E7004474A2 /* LaunchScreen.storyboard */; };
		830EFA701E467B36004474A2 /* CloudKitExtensions.swift in Sources */ = {isa = PBXBuildFile; fileRef = 830EFA6C1E467B35004474A2 /* CloudKitExtensions.swift */; };
		830EFA711E467B36004474A2 /* TextTableViewController.swift in Sources */ = {isa = PBXBuildFile; fileRef = 830EFA6D1E467B35004474A2 /* TextTableViewController.swift */; };
		830EFA721E467B36004474A2 /* QandATableViewController.swift in Sources */ = {isa = PBXBuildFile; fileRef = 830EFA6E1E467B35004474A2 /* QandATableViewController.swift */; };
		830EFA731E467B36004474A2 /* QandAAccessoryTableViewController.swift in Sources */ = {isa = PBXBuildFile; fileRef = 830EFA6F1E467B35004474A2 /* QandAAccessoryTableViewController.swift */; };
		830EFA751E467B82004474A2 /* CloudQandATableViewController.swift in Sources */ = {isa = PBXBuildFile; fileRef = 830EFA741E467B82004474A2 /* CloudQandATableViewController.swift */; };
/* End PBXBuildFile section */

/* Begin PBXFileReference section */
		830EFA4E1E4679E7004474A2 /* Pollster.app */ = {isa = PBXFileReference; explicitFileType = wrapper.application; includeInIndex = 0; path = Pollster.app; sourceTree = BUILT_PRODUCTS_DIR; };
		830EFA511E4679E7004474A2 /* AppDelegate.swift */ = {isa = PBXFileReference; lastKnownFileType = sourcecode.swift; path = AppDelegate.swift; sourceTree = "<group>"; };
		830EFA561E4679E7004474A2 /* Base */ = {isa = PBXFileReference; lastKnownFileType = file.storyboard; name = Base; path = Base.lproj/Main.storyboard; sourceTree = "<group>"; };
		830EFA581E4679E7004474A2 /* Assets.xcassets */ = {isa = PBXFileReference; lastKnownFileType = folder.assetcatalog; path = Assets.xcassets; sourceTree = "<group>"; };
		830EFA5B1E4679E7004474A2 /* Base */ = {isa = PBXFileReference; lastKnownFileType = file.storyboard; name = Base; path = Base.lproj/LaunchScreen.storyboard; sourceTree = "<group>"; };
		830EFA5D1E4679E7004474A2 /* Info.plist */ = {isa = PBXFileReference; lastKnownFileType = text.plist.xml; path = Info.plist; sourceTree = "<group>"; };
		830EFA6C1E467B35004474A2 /* CloudKitExtensions.swift */ = {isa = PBXFileReference; fileEncoding = 4; lastKnownFileType = sourcecode.swift; path = CloudKitExtensions.swift; sourceTree = "<group>"; };
		830EFA6D1E467B35004474A2 /* TextTableViewController.swift */ = {isa = PBXFileReference; fileEncoding = 4; lastKnownFileType = sourcecode.swift; path = TextTableViewController.swift; sourceTree = "<group>"; };
		830EFA6E1E467B35004474A2 /* QandATableViewController.swift */ = {isa = PBXFileReference; fileEncoding = 4; lastKnownFileType = sourcecode.swift; path = QandATableViewController.swift; sourceTree = "<group>"; };
		830EFA6F1E467B35004474A2 /* QandAAccessoryTableViewController.swift */ = {isa = PBXFileReference; fileEncoding = 4; lastKnownFileType = sourcecode.swift; path = QandAAccessoryTableViewController.swift; sourceTree = "<group>"; };
		830EFA741E467B82004474A2 /* CloudQandATableViewController.swift */ = {isa = PBXFileReference; fileEncoding = 4; lastKnownFileType = sourcecode.swift; path = CloudQandATableViewController.swift; sourceTree = "<group>"; };
/* End PBXFileReference section */

/* Begin PBXFrameworksBuildPhase section */
		830EFA4B1E4679E7004474A2 /* Frameworks */ = {
			isa = PBXFrameworksBuildPhase;
			buildActionMask = 2147483647;
			files = (
			);
			runOnlyForDeploymentPostprocessing = 0;
		};
/* End PBXFrameworksBuildPhase section */

/* Begin PBXGroup section */
		830EFA451E4679E7004474A2 = {
			isa = PBXGroup;
			children = (
				830EFA501E4679E7004474A2 /* Pollster */,
				830EFA4F1E4679E7004474A2 /* Products */,
			);
			sourceTree = "<group>";
		};
		830EFA4F1E4679E7004474A2 /* Products */ = {
			isa = PBXGroup;
			children = (
				830EFA4E1E4679E7004474A2 /* Pollster.app */,
			);
			name = Products;
			sourceTree = "<group>";
		};
		830EFA501E4679E7004474A2 /* Pollster */ = {
			isa = PBXGroup;
			children = (
				830EFA511E4679E7004474A2 /* AppDelegate.swift */,
				830EFA551E4679E7004474A2 /* Main.storyboard */,
				830EFA741E467B82004474A2 /* CloudQandATableViewController.swift */,
				830EFA631E467A11004474A2 /* Supporting Files */,
			);
			path = Pollster;
			sourceTree = "<group>";
		};
		830EFA631E467A11004474A2 /* Supporting Files */ = {
			isa = PBXGroup;
			children = (
				830EFA6C1E467B35004474A2 /* CloudKitExtensions.swift */,
				830EFA6D1E467B35004474A2 /* TextTableViewController.swift */,
				830EFA6E1E467B35004474A2 /* QandATableViewController.swift */,
				830EFA6F1E467B35004474A2 /* QandAAccessoryTableViewController.swift */,
				830EFA581E4679E7004474A2 /* Assets.xcassets */,
				830EFA5A1E4679E7004474A2 /* LaunchScreen.storyboard */,
				830EFA5D1E4679E7004474A2 /* Info.plist */,
			);
			name = "Supporting Files";
			sourceTree = "<group>";
		};
/* End PBXGroup section */

/* Begin PBXNativeTarget section */
		830EFA4D1E4679E7004474A2 /* Pollster */ = {
			isa = PBXNativeTarget;
			buildConfigurationList = 830EFA601E4679E7004474A2 /* Build configuration list for PBXNativeTarget "Pollster" */;
			buildPhases = (
				830EFA4A1E4679E7004474A2 /* Sources */,
				830EFA4B1E4679E7004474A2 /* Frameworks */,
				830EFA4C1E4679E7004474A2 /* Resources */,
			);
			buildRules = (
			);
			dependencies = (
			);
			name = Pollster;
			productName = Pollster;
			productReference = 830EFA4E1E4679E7004474A2 /* Pollster.app */;
			productType = "com.apple.product-type.application";
		};
/* End PBXNativeTarget section */

/* Begin PBXProject section */
		830EFA461E4679E7004474A2 /* Project object */ = {
			isa = PBXProject;
			attributes = {
				LastSwiftUpdateCheck = 0820;
				LastUpgradeCheck = 0820;
				ORGANIZATIONNAME = "Stanford University";
				TargetAttributes = {
					830EFA4D1E4679E7004474A2 = {
						CreatedOnToolsVersion = 8.2.1;
						DevelopmentTeam = DSA52NNTU2;
						ProvisioningStyle = Automatic;
					};
				};
			};
			buildConfigurationList = 830EFA491E4679E7004474A2 /* Build configuration list for PBXProject "Pollster" */;
			compatibilityVersion = "Xcode 3.2";
			developmentRegion = English;
			hasScannedForEncodings = 0;
			knownRegions = (
				en,
				Base,
			);
			mainGroup = 830EFA451E4679E7004474A2;
			productRefGroup = 830EFA4F1E4679E7004474A2 /* Products */;
			projectDirPath = "";
			projectRoot = "";
			targets = (
				830EFA4D1E4679E7004474A2 /* Pollster */,
			);
		};
/* End PBXProject section */

/* Begin PBXResourcesBuildPhase section */
		830EFA4C1E4679E7004474A2 /* Resources */ = {
			isa = PBXResourcesBuildPhase;
			buildActionMask = 2147483647;
			files = (
				830EFA5C1E4679E7004474A2 /* LaunchScreen.storyboard in Resources */,
				830EFA591E4679E7004474A2 /* Assets.xcassets in Resources */,
				830EFA571E4679E7004474A2 /* Main.storyboard in Resources */,
			);
			runOnlyForDeploymentPostprocessing = 0;
		};
/* End PBXResourcesBuildPhase section */

/* Begin PBXSourcesBuildPhase section */
		830EFA4A1E4679E7004474A2 /* Sources */ = {
			isa = PBXSourcesBuildPhase;
			buildActionMask = 2147483647;
			files = (
				830EFA701E467B36004474A2 /* CloudKitExtensions.swift in Sources */,
				830EFA751E467B82004474A2 /* CloudQandATableViewController.swift in Sources */,
				830EFA721E467B36004474A2 /* QandATableViewController.swift in Sources */,
				830EFA711E467B36004474A2 /* TextTableViewController.swift in Sources */,
				830EFA731E467B36004474A2 /* QandAAccessoryTableViewController.swift in Sources */,
				830EFA521E4679E7004474A2 /* AppDelegate.swift in Sources */,
			);
			runOnlyForDeploymentPostprocessing = 0;
		};
/* End PBXSourcesBuildPhase section */

/* Begin PBXVariantGroup section */
		830EFA551E4679E7004474A2 /* Main.storyboard */ = {
			isa = PBXVariantGroup;
			children = (
				830EFA561E4679E7004474A2 /* Base */,
			);
			name = Main.storyboard;
			sourceTree = "<group>";
		};
		830EFA5A1E4679E7004474A2 /* LaunchScreen.storyboard */ = {
			isa = PBXVariantGroup;
			children = (
				830EFA5B1E4679E7004474A2 /* Base */,
			);
			name = LaunchScreen.storyboard;
			sourceTree = "<group>";
		};
/* End PBXVariantGroup section */

/* Begin XCBuildConfiguration section */
		830EFA5E1E4679E7004474A2 /* Debug */ = {
			isa = XCBuildConfiguration;
			buildSettings = {
				ALWAYS_SEARCH_USER_PATHS = NO;
				CLANG_ANALYZER_NONNULL = YES;
				CLANG_CXX_LANGUAGE_STANDARD = "gnu++0x";
				CLANG_CXX_LIBRARY = "libc++";
				CLANG_ENABLE_MODULES = YES;
				CLANG_ENABLE_OBJC_ARC = YES;
				CLANG_WARN_BOOL_CONVERSION = YES;
				CLANG_WARN_CONSTANT_CONVERSION = YES;
				CLANG_WARN_DIRECT_OBJC_ISA_USAGE = YES_ERROR;
				CLANG_WARN_DOCUMENTATION_COMMENTS = YES;
				CLANG_WARN_EMPTY_BODY = YES;
				CLANG_WARN_ENUM_CONVERSION = YES;
				CLANG_WARN_INFINITE_RECURSION = YES;
				CLANG_WARN_INT_CONVERSION = YES;
				CLANG_WARN_OBJC_ROOT_CLASS = YES_ERROR;
				CLANG_WARN_SUSPICIOUS_MOVE = YES;
				CLANG_WARN_UNREACHABLE_CODE = YES;
				CLANG_WARN__DUPLICATE_METHOD_MATCH = YES;
				"CODE_SIGN_IDENTITY[sdk=iphoneos*]" = "iPhone Developer";
				COPY_PHASE_STRIP = NO;
				DEBUG_INFORMATION_FORMAT = dwarf;
				ENABLE_STRICT_OBJC_MSGSEND = YES;
				ENABLE_TESTABILITY = YES;
				GCC_C_LANGUAGE_STANDARD = gnu99;
				GCC_DYNAMIC_NO_PIC = NO;
				GCC_NO_COMMON_BLOCKS = YES;
				GCC_OPTIMIZATION_LEVEL = 0;
				GCC_PREPROCESSOR_DEFINITIONS = (
					"DEBUG=1",
					"$(inherited)",
				);
				GCC_WARN_64_TO_32_BIT_CONVERSION = YES;
				GCC_WARN_ABOUT_RETURN_TYPE = YES_ERROR;
				GCC_WARN_UNDECLARED_SELECTOR = YES;
				GCC_WARN_UNINITIALIZED_AUTOS = YES_AGGRESSIVE;
				GCC_WARN_UNUSED_FUNCTION = YES;
				GCC_WARN_UNUSED_VARIABLE = YES;
				IPHONEOS_DEPLOYMENT_TARGET = 10.2;
				MTL_ENABLE_DEBUG_INFO = YES;
				ONLY_ACTIVE_ARCH = YES;
				SDKROOT = iphoneos;
				SWIFT_ACTIVE_COMPILATION_CONDITIONS = DEBUG;
				SWIFT_OPTIMIZATION_LEVEL = "-Onone";
				TARGETED_DEVICE_FAMILY = "1,2";
			};
			name = Debug;
		};
		830EFA5F1E4679E7004474A2 /* Release */ = {
			isa = XCBuildConfiguration;
			buildSettings = {
				ALWAYS_SEARCH_USER_PATHS = NO;
				CLANG_ANALYZER_NONNULL = YES;
				CLANG_CXX_LANGUAGE_STANDARD = "gnu++0x";
				CLANG_CXX_LIBRARY = "libc++";
				CLANG_ENABLE_MODULES = YES;
				CLANG_ENABLE_OBJC_ARC = YES;
				CLANG_WARN_BOOL_CONVERSION = YES;
				CLANG_WARN_CONSTANT_CONVERSION = YES;
				CLANG_WARN_DIRECT_OBJC_ISA_USAGE = YES_ERROR;
				CLANG_WARN_DOCUMENTATION_COMMENTS = YES;
				CLANG_WARN_EMPTY_BODY = YES;
				CLANG_WARN_ENUM_CONVERSION = YES;
				CLANG_WARN_INFINITE_RECURSION = YES;
				CLANG_WARN_INT_CONVERSION = YES;
				CLANG_WARN_OBJC_ROOT_CLASS = YES_ERROR;
				CLANG_WARN_SUSPICIOUS_MOVE = YES;
				CLANG_WARN_UNREACHABLE_CODE = YES;
				CLANG_WARN__DUPLICATE_METHOD_MATCH = YES;
				"CODE_SIGN_IDENTITY[sdk=iphoneos*]" = "iPhone Developer";
				COPY_PHASE_STRIP = NO;
				DEBUG_INFORMATION_FORMAT = "dwarf-with-dsym";
				ENABLE_NS_ASSERTIONS = NO;
				ENABLE_STRICT_OBJC_MSGSEND = YES;
				GCC_C_LANGUAGE_STANDARD = gnu99;
				GCC_NO_COMMON_BLOCKS = YES;
				GCC_WARN_64_TO_32_BIT_CONVERSION = YES;
				GCC_WARN_ABOUT_RETURN_TYPE = YES_ERROR;
				GCC_WARN_UNDECLARED_SELECTOR = YES;
				GCC_WARN_UNINITIALIZED_AUTOS = YES_AGGRESSIVE;
				GCC_WARN_UNUSED_FUNCTION = YES;
				GCC_WARN_UNUSED_VARIABLE = YES;
				IPHONEOS_DEPLOYMENT_TARGET = 10.2;
				MTL_ENABLE_DEBUG_INFO = NO;
				SDKROOT = iphoneos;
				SWIFT_OPTIMIZATION_LEVEL = "-Owholemodule";
				TARGETED_DEVICE_FAMILY = "1,2";
				VALIDATE_PRODUCT = YES;
			};
			name = Release;
		};
		830EFA611E4679E7004474A2 /* Debug */ = {
			isa = XCBuildConfiguration;
			buildSettings = {
				ASSETCATALOG_COMPILER_APPICON_NAME = AppIcon;
				DEVELOPMENT_TEAM = DSA52NNTU2;
				INFOPLIST_FILE = Pollster/Info.plist;
				LD_RUNPATH_SEARCH_PATHS = "$(inherited) @executable_path/Frameworks";
				PRODUCT_BUNDLE_IDENTIFIER = edu.stanford.cs193p.chanhnguyen.Pollster;
				PRODUCT_NAME = "$(TARGET_NAME)";
				SWIFT_VERSION = 3.0;
			};
			name = Debug;
		};
		830EFA621E4679E7004474A2 /* Release */ = {
			isa = XCBuildConfiguration;
			buildSettings = {
				ASSETCATALOG_COMPILER_APPICON_NAME = AppIcon;
				DEVELOPMENT_TEAM = DSA52NNTU2;
				INFOPLIST_FILE = Pollster/Info.plist;
				LD_RUNPATH_SEARCH_PATHS = "$(inherited) @executable_path/Frameworks";
				PRODUCT_BUNDLE_IDENTIFIER = edu.stanford.cs193p.chanhnguyen.Pollster;
				PRODUCT_NAME = "$(TARGET_NAME)";
				SWIFT_VERSION = 3.0;
			};
			name = Release;
		};
/* End XCBuildConfiguration section */

/* Begin XCConfigurationList section */
		830EFA491E4679E7004474A2 /* Build configuration list for PBXProject "Pollster" */ = {
			isa = XCConfigurationList;
			buildConfigurations = (
				830EFA5E1E4679E7004474A2 /* Debug */,
				830EFA5F1E4679E7004474A2 /* Release */,
			);
			defaultConfigurationIsVisible = 0;
			defaultConfigurationName = Release;
		};
		830EFA601E4679E7004474A2 /* Build configuration list for PBXNativeTarget "Pollster" */ = {
			isa = XCConfigurationList;
			buildConfigurations = (
				830EFA611E4679E7004474A2 /* Debug */,
				830EFA621E4679E7004474A2 /* Release */,
			);
			defaultConfigurationIsVisible = 0;
		};
/* End XCConfigurationList section */
	};
	rootObject = 830EFA461E4679E7004474A2 /* Project object */;
}
